{
  "version": "2",
  "remote": {
    "https://deno.land/std@0.161.0/encoding/base64.ts": "c57868ca7fa2fbe919f57f88a623ad34e3d970d675bdc1ff3a9d02bba7409db2",
    "https://deno.land/std@0.161.0/encoding/base64url.ts": "a5f82a9fa703bd85a5eb8e7c1296bc6529e601ebd9642cc2b5eaa6b38fa9e05a",
    "https://deno.land/std@0.165.0/_util/asserts.ts": "d0844e9b62510f89ce1f9878b046f6a57bf88f208a10304aab50efcb48365272",
    "https://deno.land/std@0.165.0/_util/os.ts": "8a33345f74990e627b9dfe2de9b040004b08ea5146c7c9e8fe9a29070d193934",
    "https://deno.land/std@0.165.0/flags/mod.ts": "3b459daf581e047819b6b799c92b96c81b4eecbd5ea025643d54dc0abc6ac923",
    "https://deno.land/std@0.165.0/fs/_util.ts": "fdc156f897197f261a1c096dcf8ff9267ed0ff42bd5b31f55053a4763a4bae3b",
    "https://deno.land/std@0.165.0/fs/copy.ts": "37ad2d3390a672a34baf7d16a8623238906a1ee9b2c5fffc8efaa97810f4e6a9",
    "https://deno.land/std@0.165.0/fs/empty_dir.ts": "c15a0aaaf40f8c21cca902aa1e01a789ad0c2fd1b7e2eecf4957053c5dbf707f",
    "https://deno.land/std@0.165.0/fs/ensure_dir.ts": "76395fc1c989ca8d2de3aedfa8240eb8f5225cde20f926de957995b063135b80",
    "https://deno.land/std@0.165.0/fs/ensure_file.ts": "b8e32ea63aa21221d0219760ba3f741f682d7f7d68d0d24a3ec067c338568152",
    "https://deno.land/std@0.165.0/fs/ensure_link.ts": "5cc1c04f18487d7d1edf4c5469705f30b61390ffd24ad7db6df85e7209b32bb2",
    "https://deno.land/std@0.165.0/fs/ensure_symlink.ts": "5273557b8c50be69477aa9cb003b54ff2240a336db52a40851c97abce76b96ab",
    "https://deno.land/std@0.165.0/fs/eol.ts": "65b1e27320c3eec6fb653b27e20056ee3d015d3e91db388cfefa41616ebc7cb3",
    "https://deno.land/std@0.165.0/fs/exists.ts": "6a447912e49eb79cc640adacfbf4b0baf8e17ede6d5bed057062ce33c4fa0d68",
    "https://deno.land/std@0.165.0/fs/expand_glob.ts": "d08678afa768881b055bdfb5cebe4f089f8db4513a4d2b0bbe748f5870d77ce3",
    "https://deno.land/std@0.165.0/fs/mod.ts": "354a6f972ef4e00c4dd1f1339a8828ef0764c1c23d3c0010af3fcc025d8655b0",
    "https://deno.land/std@0.165.0/fs/move.ts": "6d7fa9da60dbc7a32dd7fdbc2ff812b745861213c8e92ba96dace0669b0c378c",
    "https://deno.land/std@0.165.0/fs/walk.ts": "0a754cc4696a15bdb175380a4b7deff3eb65be9768cb11d91a4138beee35c2d7",
    "https://deno.land/std@0.165.0/path/_constants.ts": "df1db3ffa6dd6d1252cc9617e5d72165cd2483df90e93833e13580687b6083c3",
    "https://deno.land/std@0.165.0/path/_interface.ts": "ee3b431a336b80cf445441109d089b70d87d5e248f4f90ff906820889ecf8d09",
    "https://deno.land/std@0.165.0/path/_util.ts": "d16be2a16e1204b65f9d0dfc54a9bc472cafe5f4a190b3c8471ec2016ccd1677",
    "https://deno.land/std@0.165.0/path/common.ts": "bee563630abd2d97f99d83c96c2fa0cca7cee103e8cb4e7699ec4d5db7bd2633",
    "https://deno.land/std@0.165.0/path/glob.ts": "cb5255638de1048973c3e69e420c77dc04f75755524cb3b2e160fe9277d939ee",
    "https://deno.land/std@0.165.0/path/mod.ts": "56fec03ad0ebd61b6ab39ddb9b0ddb4c4a5c9f2f4f632e09dd37ec9ebfd722ac",
    "https://deno.land/std@0.165.0/path/posix.ts": "6b63de7097e68c8663c84ccedc0fd977656eb134432d818ecd3a4e122638ac24",
    "https://deno.land/std@0.165.0/path/separator.ts": "fe1816cb765a8068afb3e8f13ad272351c85cbc739af56dacfc7d93d710fe0f9",
    "https://deno.land/std@0.165.0/path/win32.ts": "7cebd2bda6657371adc00061a1d23fdd87bcdf64b4843bb148b0b24c11b40f69",
    "https://deno.land/x/cache_dir@0.2.0/mod.ts": "89ac1bc4d8f1c52fde192e0470d0597fa156ecf2b53d7fe162a11fd365c79920",
    "https://deno.land/x/djwt@v2.8/algorithm.ts": "fa4c7354ab9f4808d38104fdc6f21c8270f65f109ed84136d4fe31a4504426d4",
    "https://deno.land/x/djwt@v2.8/deps.ts": "261b7b6bfe2602329d8f9de2938c2a898cd6dfa746b3454ae415df2c53e6ae4d",
    "https://deno.land/x/djwt@v2.8/mod.ts": "7abba8518688e88648882a95161b42391ac6043c142b1ab491b36f712189e1e1",
    "https://deno.land/x/djwt@v2.8/signature.ts": "a5649368a4b433b2810e7d47f53661fe3b0f7fe1778cb49234ceae3d6e861185",
    "https://deno.land/x/djwt@v2.8/util.ts": "0d78272bd23a4656ceabe137d496fcca37cf3de36212477642aa5d85a880d87a",
    "https://deno.land/x/mimetypes@v1.0.0/mod.ts": "abd1ea614b32cfa7fd50b46f6e070617696664698b8a34935dc807f3035ad408",
    "https://deno.land/x/mimetypes@v1.0.0/src/mime.ts": "7cd7590eae6127dc1abfe710900fc749e94d5c715ffe8a148e59fe20ee21a9a5",
    "https://deno.land/x/silverbullet@0.2.7/common/spaces/space_primitives.ts": "d98670626b705de96dec9c3ec55a83bb5ec1a0cb67f8632d96d86e050538bad8",
    "https://deno.land/x/silverbullet@0.2.7/common/spaces/sync.ts": "5afec853d3a5d7b5442bd3a3846f471b2c6f748e1b1a1fcab15c9c6ef8c69394",
    "https://deno.land/x/silverbullet@0.2.7/common/types.ts": "e2f68b31f91f0fd99fd0f5519fd7e132b1d7fb2aef0e26141136e789e1afc7b6",
    "https://deno.land/x/silverbullet@0.2.7/plug-api/lib/secrets_page.ts": "1d8eda6296ffcb633b3c5df0ea1ac8829c25d1a0cb52b3ccad2cf5a02957e642",
    "https://deno.land/x/silverbullet@0.2.7/plug-api/lib/settings_page.ts": "93fc9e504d7b5112b1660dcde11ded5d0c0d724e6aa3388a2207b68c8cf6377b",
    "https://deno.land/x/silverbullet@0.2.7/plug-api/lib/tree.ts": "dd45adc45b7a28447b4303268336d4be187fb5b8d87d057a80924e5e3c3e7e77",
    "https://deno.land/x/silverbullet@0.2.7/plug-api/lib/util.ts": "8a7b267043349f3a5026c5697017ca8e46514406c8392f4a54f66c25879fc8eb",
    "https://deno.land/x/silverbullet@0.2.7/plug-api/lib/yaml_page.ts": "2a667932b37174f40a60ca898f86e64aa041a694470b40190c8d6fa98ef96b65",
    "https://deno.land/x/silverbullet@0.2.7/plug-api/plugos-syscall/store.ts": "c190a9025312857e96b816dc66174adb80158ffb97f23e912c2c8ad87b324662",
    "https://deno.land/x/silverbullet@0.2.7/plug-api/plugos-syscall/syscall.ts": "07f0053e04f2fb62e03fe5229a185e363a78626c27208ecd61ce06c4aeb879dc",
    "https://deno.land/x/silverbullet@0.2.7/plug-api/plugos-syscall/types.ts": "5ab89156c3168cef81b98dbd013cbace6f50777f60e120ad38d57f330b68b707",
    "https://deno.land/x/silverbullet@0.2.7/plug-api/silverbullet-syscall/clientStore.ts": "18d991a77920da26953a0593ac459e0e7fd1139320268f1a28abd3e67a0edaac",
    "https://deno.land/x/silverbullet@0.2.7/plug-api/silverbullet-syscall/collab.ts": "89c2f70a96233387a1c56190d12f1fbde3cd32201fc62eb8022c6942a9776720",
    "https://deno.land/x/silverbullet@0.2.7/plug-api/silverbullet-syscall/editor.ts": "71a89b357ee2b3482b2bac09c181a65d88cd5c1dcf9783aa7a18b9e6c371fe4c",
    "https://deno.land/x/silverbullet@0.2.7/plug-api/silverbullet-syscall/index.ts": "532ea07ad62ab2a5b82519d38a7d83b8a91344155a320534c4997d16e64ab3fa",
    "https://deno.land/x/silverbullet@0.2.7/plug-api/silverbullet-syscall/markdown.ts": "12dbf988a280c43fab07650e00d53b41a6bddf5a2ea62232fa09548797283af7",
    "https://deno.land/x/silverbullet@0.2.7/plug-api/silverbullet-syscall/mod.ts": "0bc68522604b776481ffa5afaecbf2e224087484276d81f5409b91b3d8d4f3c6",
    "https://deno.land/x/silverbullet@0.2.7/plug-api/silverbullet-syscall/sandbox.ts": "744c784b3044cfa83774efa7c948897972d44fc6d5f68683f3ce7ccaca01184a",
    "https://deno.land/x/silverbullet@0.2.7/plug-api/silverbullet-syscall/space.ts": "f7d740651970e8560d485c4d61a38da789c81224f2852d26c049949fa8894ab1",
    "https://deno.land/x/silverbullet@0.2.7/plug-api/silverbullet-syscall/sync.ts": "651b75ccf6471e2e8a7c2d3f114c3a5bbeef2f039149c0242185b2cc865a0465",
    "https://deno.land/x/silverbullet@0.2.7/plug-api/silverbullet-syscall/syscall.ts": "9b55eb2801aff5c601613596209c7a1871980a5cace2c2d35dbcb95b4fa5fbf9",
    "https://deno.land/x/silverbullet@0.2.7/plug-api/silverbullet-syscall/system.ts": "d37567d7d7df0388cdd6e1e8c15334e35650a5cf45f43ba26bb22c649d81ad09",
    "https://deno.land/x/silverbullet@0.2.7/plugos/asset_bundle/base64.ts": "85761b602c5319ca31f16a73548c29ab5bf2a9ccacd615158247352785994180",
    "https://deno.land/x/silverbullet@0.2.7/plugos/asset_bundle/bundle.ts": "d335dbdc5972bbe0a2eb638c90ed0ec063d0b899cd41ab6dd43f2b6a59eb4dda",
    "https://deno.land/x/silverbullet@0.2.7/plugos/deps.ts": "78949f29035d3b677c4fcf5a07c6030852f3e50ca69df9d9651f6408f441936b",
    "https://deno.land/x/silverbullet@0.2.7/plugos/environments/custom_logger.ts": "67d0599fc18b43dacd835edb077172ed7fdd2dd522a0668df15e2b1e1e4f3c75",
    "https://deno.land/x/silverbullet@0.2.7/plugos/environments/worker.ts": "a4aca6181c185f842bf44fbea9a7ecfb3bb846006a51e4582785588d82bb072f",
    "https://deno.land/x/silverbullet@0.2.7/plugos/event.ts": "da055088f3d1d93f31aadd7e16a97061033fdba5807609f3838280352dbbc15e",
    "https://deno.land/x/silverbullet@0.2.7/plugos/plug.ts": "1884a6bd036f3c2aacfc268359190edea1bf94e011a1385a85c87a4ab96a0ecf",
    "https://deno.land/x/silverbullet@0.2.7/plugos/sandbox.ts": "b1fa29cd6cb72e961843ba40c3b45fb9a935d4b2463c792ce2a88bb9d60a3726",
    "https://deno.land/x/silverbullet@0.2.7/plugos/system.ts": "92f4b20b85ed935f31f8267cba2d91efc5a24d609c760db21de6ea03b9501862",
    "https://deno.land/x/silverbullet@0.2.7/plugos/types.ts": "777ada52bed204c8d3ef4e95e1e8f19f5deb8b78edcbaeae14cebd1492c10c70",
    "https://deno.land/x/silverbullet@0.2.7/web/hooks/command.ts": "f74fe674c6832a5f0cdcbc7c83735c78db319bf97c571a3397fe72efbe20e76e",
    "https://esm.sh/@capacitor-community/sqlite@4.6.0?external=@capacitor/core": "c981fdb347147af1346016d5f8ca21a08ed534e2336dddba45f0837e8a22e3fe",
    "https://esm.sh/v102/@capacitor-community/sqlite@4.6.0/X-ZS9AY2FwYWNpdG9yL2NvcmU/deno/sqlite.js": "3b229fbbb9af5cf1b4b38475108e9d82c43c951d9c22d688a4d1cf44432184b5",
    "https://esm.sh/v102/@capacitor-community/sqlite@4.6.0/X-ZS9AY2FwYWNpdG9yL2NvcmU/dist/esm/definitions.d.ts": "013919c660748aa692a981d8046f4745dd43e0f7dbf8a26ec32ec6a595f2d7c1",
    "https://esm.sh/v102/@capacitor-community/sqlite@4.6.0/X-ZS9AY2FwYWNpdG9yL2NvcmU/dist/esm/index.d.ts": "c3ab20ef4ba822e17f3f00d8a06558eef0533bdcc05aa51cc789adde518f44d8"
  }
}
